
Microsoft Visual Studio Solution File, Format Version 12.00
# Visual Studio Express 2012 for Windows Desktop
Project("{FAE04EC0-301F-11D3-BF4B-00C04F79EFBC}") = "notepad", "notepad\notepad.csproj", "{945C66CE-769C-4119-B930-B63E2CF62854}"
EndProject
Global
	GlobalSection(SolutionConfigurationPlatforms) = preSolution
		Debug|Any CPU = Debug|Any CPU
		Release|Any CPU = Release|Any CPU
	EndGlobalSection
	GlobalSection(ProjectConfigurationPlatforms) = postSolution
		{945C66CE-769C-4119-B930-B63E2CF62854}.Debug|Any CPU.ActiveCfg = Debug|Any CPU
		{945C66CE-769C-4119-B930-B63E2CF62854}.Debug|Any CPU.Build.0 = Debug|Any CPU
		{945C66CE-769C-4119-B930-B63E2CF62854}.Release|Any CPU.ActiveCfg = Release|Any CPU
		{945C66CE-769C-4119-B930-B63E2CF62854}.Release|Any CPU.Build.0 = Release|Any CPU
	EndGlobalSection
	GlobalSection(SolutionProperties) = preSolution
		HideSolutionNode = FALSE
	EndGlobalSection
EndGlobal
